
Microsoft Visual Studio Solution File, Format Version 12.00
# Visual Studio Version 17
VisualStudioVersion = 17.0.31903.59
MinimumVisualStudioVersion = 10.0.40219.1
Project("{9A19103F-16F7-4668-BE54-9A1E7A4F7556}") = "ScreenSound", "ScreenSound\ScreenSound.csproj", "{A9CCE41C-6657-42BF-AED4-F3F578033037}"
EndProject
Project("{FAE04EC0-301F-11D3-BF4B-00C04F79EFBC}") = "ScreenSound.API", "ScreenSound.API\ScreenSound.API.csproj", "{7F6F0102-3B31-46F2-9A95-362E9E86C357}"
EndProject
Project("{FAE04EC0-301F-11D3-BF4B-00C04F79EFBC}") = "ScreenSound.Shared.Modelos", "ScreenSound.Shared.Modelos\ScreenSound.Shared.Modelos.csproj", "{066E81BB-E304-400C-A97A-2F454FC47BF0}"
EndProject
Project("{FAE04EC0-301F-11D3-BF4B-00C04F79EFBC}") = "ScreenSound.Shared.Dados", "ScreenSound.Shared.Dados\ScreenSound.Shared.Dados.csproj", "{EF79C83B-6080-401B-8783-39B7CB4EC687}"
EndProject
Global
	GlobalSection(SolutionConfigurationPlatforms) = preSolution
		Debug|Any CPU = Debug|Any CPU
		Release|Any CPU = Release|Any CPU
	EndGlobalSection
	GlobalSection(ProjectConfigurationPlatforms) = postSolution
		{A9CCE41C-6657-42BF-AED4-F3F578033037}.Debug|Any CPU.ActiveCfg = Debug|Any CPU
		{A9CCE41C-6657-42BF-AED4-F3F578033037}.Debug|Any CPU.Build.0 = Debug|Any CPU
		{A9CCE41C-6657-42BF-AED4-F3F578033037}.Release|Any CPU.ActiveCfg = Release|Any CPU
		{A9CCE41C-6657-42BF-AED4-F3F578033037}.Release|Any CPU.Build.0 = Release|Any CPU
		{7F6F0102-3B31-46F2-9A95-362E9E86C357}.Debug|Any CPU.ActiveCfg = Debug|Any CPU
		{7F6F0102-3B31-46F2-9A95-362E9E86C357}.Debug|Any CPU.Build.0 = Debug|Any CPU
		{7F6F0102-3B31-46F2-9A95-362E9E86C357}.Release|Any CPU.ActiveCfg = Release|Any CPU
		{7F6F0102-3B31-46F2-9A95-362E9E86C357}.Release|Any CPU.Build.0 = Release|Any CPU
		{066E81BB-E304-400C-A97A-2F454FC47BF0}.Debug|Any CPU.ActiveCfg = Debug|Any CPU
		{066E81BB-E304-400C-A97A-2F454FC47BF0}.Debug|Any CPU.Build.0 = Debug|Any CPU
		{066E81BB-E304-400C-A97A-2F454FC47BF0}.Release|Any CPU.ActiveCfg = Release|Any CPU
		{066E81BB-E304-400C-A97A-2F454FC47BF0}.Release|Any CPU.Build.0 = Release|Any CPU
		{EF79C83B-6080-401B-8783-39B7CB4EC687}.Debug|Any CPU.ActiveCfg = Debug|Any CPU
		{EF79C83B-6080-401B-8783-39B7CB4EC687}.Debug|Any CPU.Build.0 = Debug|Any CPU
		{EF79C83B-6080-401B-8783-39B7CB4EC687}.Release|Any CPU.ActiveCfg = Release|Any CPU
		{EF79C83B-6080-401B-8783-39B7CB4EC687}.Release|Any CPU.Build.0 = Release|Any CPU
	EndGlobalSection
	GlobalSection(SolutionProperties) = preSolution
		HideSolutionNode = FALSE
	EndGlobalSection
	GlobalSection(ExtensibilityGlobals) = postSolution
		SolutionGuid = {8EA4529E-71AB-4E84-ABF0-F96B55EB671D}
	EndGlobalSection
EndGlobal
